# THIS IS AN AUTOGENERATED FILE. DO NOT EDIT THIS FILE DIRECTLY.
# yarn lockfile v1


ansi-color@^0.2.1:
  version "0.2.1"
  resolved "https://registry.yarnpkg.com/ansi-color/-/ansi-color-0.2.1.tgz#3e75c037475217544ed763a8db5709fa9ae5bf9a"

bufrw@^1.2.1:
  version "1.2.1"
  resolved "https://registry.yarnpkg.com/bufrw/-/bufrw-1.2.1.tgz#93f222229b4f5f5e2cd559236891407f9853663b"
  dependencies:
    ansi-color "^0.2.1"
    error "^7.0.0"
    xtend "^4.0.0"

error@7.0.2, error@^7.0.0:
  version "7.0.2"
  resolved "https://registry.yarnpkg.com/error/-/error-7.0.2.tgz#a5f75fff4d9926126ddac0ea5dc38e689153cb02"
  dependencies:
    string-template "~0.2.1"
    xtend "~4.0.0"

jaeger-client@^3.12.0:
  version "3.12.0"
  resolved "https://registry.yarnpkg.com/jaeger-client/-/jaeger-client-3.12.0.tgz#bd0824c994fbae7da8234655153bd98b813b89bc"
  dependencies:
    node-int64 "^0.4.0"
    opentracing "^0.13.0"
    thriftrw "^3.5.0"
    uuid "^3.2.1"
    xorshift "^0.2.0"

long@^2.4.0:
  version "2.4.0"
  resolved "https://registry.yarnpkg.com/long/-/long-2.4.0.tgz#9fa180bb1d9500cdc29c4156766a1995e1f4524f"

node-int64@^0.4.0:
  version "0.4.0"
  resolved "https://registry.yarnpkg.com/node-int64/-/node-int64-0.4.0.tgz#87a9065cdb355d3182d8f94ce11188b825c68a3b"

opentracing@^0.13.0:
  version "0.13.0"
  resolved "https://registry.yarnpkg.com/opentracing/-/opentracing-0.13.0.tgz#6a341442f09d7d866bc11ed03de1e3828e3d6aab"

string-template@~0.2.1:
  version "0.2.1"
  resolved "https://registry.yarnpkg.com/string-template/-/string-template-0.2.1.tgz#42932e598a352d01fc22ec3367d9d84eec6c9add"

thriftrw@^3.5.0:
  version "3.11.2"
  resolved "https://registry.yarnpkg.com/thriftrw/-/thriftrw-3.11.2.tgz#696a919517c1679e6babb794b22974ee511a6dcd"
  dependencies:
    bufrw "^1.2.1"
    error "7.0.2"
    long "^2.4.0"

uuid@^3.2.1:
  version "3.3.2"
  resolved "https://registry.yarnpkg.com/uuid/-/uuid-3.3.2.tgz#1b4af4955eb3077c501c23872fc6513811587131"

xorshift@^0.2.0:
  version "0.2.1"
  resolved "https://registry.yarnpkg.com/xorshift/-/xorshift-0.2.1.tgz#fcd82267e9351c13f0fb9c73307f25331d29c63a"

xtend@^4.0.0, xtend@~4.0.0:
  version "4.0.1"
  resolved "https://registry.yarnpkg.com/xtend/-/xtend-4.0.1.tgz#a5c6d532be656e23db820efb943a1f04998d63af"
